
Microsoft Visual Studio Solution File, Format Version 12.00
# Visual Studio 15
VisualStudioVersion = 15.0.28307.421
MinimumVisualStudioVersion = 10.0.40219.1
Project("{9A19103F-16F7-4668-BE54-9A1E7A4F7556}") = "KMeeting", "KMeeting\KMeeting.csproj", "{EA11E672-B122-4029-BF40-6AA933C91B7A}"
EndProject
Project("{2150E333-8FDC-42A3-9474-1A3956D46DE8}") = "Docs", "Docs", "{71C3FC6B-3F13-44EF-A25B-33F72493E8E5}"
	ProjectSection(SolutionItems) = preProject
		Readme.md = Readme.md
	EndProjectSection
EndProject
Global
	GlobalSection(SolutionConfigurationPlatforms) = preSolution
		Debug|Any CPU = Debug|Any CPU
		Release|Any CPU = Release|Any CPU
	EndGlobalSection
	GlobalSection(ProjectConfigurationPlatforms) = postSolution
		{EA11E672-B122-4029-BF40-6AA933C91B7A}.Debug|Any CPU.ActiveCfg = Debug|Any CPU
		{EA11E672-B122-4029-BF40-6AA933C91B7A}.Debug|Any CPU.Build.0 = Debug|Any CPU
		{EA11E672-B122-4029-BF40-6AA933C91B7A}.Release|Any CPU.ActiveCfg = Release|Any CPU
		{EA11E672-B122-4029-BF40-6AA933C91B7A}.Release|Any CPU.Build.0 = Release|Any CPU
	EndGlobalSection
	GlobalSection(SolutionProperties) = preSolution
		HideSolutionNode = FALSE
	EndGlobalSection
	GlobalSection(ExtensibilityGlobals) = postSolution
		SolutionGuid = {8390A9D1-5092-4F7E-9F78-1CDCE69C9E28}
	EndGlobalSection
EndGlobal
